schema: '2.0'
stages:
  data_ingestion:
    cmd: python src/data_ingestion.py
    deps:
    - path: src/data_ingestion.py
      hash: md5
      md5: 8db8c177057797148b73fa0041172dfc
      size: 2966
    outs:
    - path: data/raw
      hash: md5
      md5: 1a287d34dc172d9f950c03dae35f7e73.dir
      size: 484846
      nfiles: 2
  data_preprocessing:
    cmd: python src/data_preprocessing.py
    deps:
    - path: data/raw
      hash: md5
      md5: 1a287d34dc172d9f950c03dae35f7e73.dir
      size: 484846
      nfiles: 2
    - path: src/data_preprocessing.py
      hash: md5
      md5: bd0f1e44a46e020be9cf8f8b1f4fda0c
      size: 4152
    outs:
    - path: data/interim
      hash: md5
      md5: 55e953232782f4e9d4f3c0df04cc160b.dir
      size: 245586
      nfiles: 2
  feature_engineering:
    cmd: python src/feature_engineering.py
    deps:
    - path: data/interim
      hash: md5
      md5: 55e953232782f4e9d4f3c0df04cc160b.dir
      size: 245586
      nfiles: 2
    - path: src/feature_engineering.py
      hash: md5
      md5: ca2ed05d0862afa694787b237db8ccbf
      size: 3251
    outs:
    - path: data/processed
      hash: md5
      md5: 579e154c52291158bd883a261e6a13d4.dir
      size: 1169897
      nfiles: 2
  model_building:
    cmd: python src/model_building.py
    deps:
    - path: data/processed
      hash: md5
      md5: 579e154c52291158bd883a261e6a13d4.dir
      size: 1169897
      nfiles: 2
    - path: src/model_building.py
      hash: md5
      md5: 632ff23ba10943c97d625cfe7e837200
      size: 3694
    outs:
    - path: models/model.pkl
      hash: md5
      md5: 8106fc3fafb247674b19f6b09b961cd2
      size: 929993
  model_evaluation:
    cmd: python src/model_evaluation.py
    deps:
    - path: models/model.pkl
      hash: md5
      md5: 8106fc3fafb247674b19f6b09b961cd2
      size: 929993
    - path: src/model_evaluation.py
      hash: md5
      md5: 5ed38d99db4745999d8dbcbf42452ca9
      size: 3674
    outs:
    - path: reports/metrics.json
      hash: md5
      md5: a5e0360517d63fc04dbb0d0bd1b27413
      size: 132
