schema: '2.0'
stages:
  data_ingestion:
    cmd: python src/data_ingestion.py
    deps:
    - path: src/data_ingestion.py
      hash: md5
      md5: ff2a0a1d3e1b5226125e2c9984d945af
      size: 3639
    params:
      params.yaml:
        data_ingestion.test_size: 0.15
    outs:
    - path: data/raw
      hash: md5
      md5: a15ba66afdf82f8659b031b175286ed3.dir
      size: 484846
      nfiles: 2
  data_preprocessing:
    cmd: python src/data_preprocessing.py
    deps:
    - path: data/raw
      hash: md5
      md5: a15ba66afdf82f8659b031b175286ed3.dir
      size: 484846
      nfiles: 2
    - path: src/data_preprocessing.py
      hash: md5
      md5: bd0f1e44a46e020be9cf8f8b1f4fda0c
      size: 4152
    outs:
    - path: data/interim
      hash: md5
      md5: 9ceb40649e61149a9a4fe5805012dc66.dir
      size: 244786
      nfiles: 2
  feature_engineering:
    cmd: python src/feature_engineering.py
    deps:
    - path: data/interim
      hash: md5
      md5: 9ceb40649e61149a9a4fe5805012dc66.dir
      size: 244786
      nfiles: 2
    - path: src/feature_engineering.py
      hash: md5
      md5: f1f087ccce092d9ea321d7f3ed192513
      size: 3920
    params:
      params.yaml:
        feature_engineering.max_features: 45
    outs:
    - path: data/processed
      hash: md5
      md5: c97933ac242100a92273df272345a7c3.dir
      size: 1054128
      nfiles: 2
  model_building:
    cmd: python src/model_building.py
    deps:
    - path: data/processed
      hash: md5
      md5: c97933ac242100a92273df272345a7c3.dir
      size: 1054128
      nfiles: 2
    - path: src/model_building.py
      hash: md5
      md5: 48f3ef9c10c8339f9ca80bc28504e358
      size: 4293
    params:
      params.yaml:
        model_building.n_estimators: 20
        model_building.random_state: 2
    outs:
    - path: models/model.pkl
      hash: md5
      md5: d3c119c443594d82d1f67bc3abbe36a8
      size: 783993
  model_evaluation:
    cmd: python src/model_evaluation.py
    deps:
    - path: models/model.pkl
      hash: md5
      md5: d3c119c443594d82d1f67bc3abbe36a8
      size: 783993
    - path: src/model_evaluation.py
      hash: md5
      md5: 5ed38d99db4745999d8dbcbf42452ca9
      size: 3674
    outs:
    - path: reports/metrics.json
      hash: md5
      md5: da8443a75f7674bdb16d678343b0b43a
      size: 147
