schema: '2.0'
stages:
  data_ingestion:
    cmd: python src/data_ingestion.py
    deps:
    - path: src/data_ingestion.py
      hash: md5
      md5: ff2a0a1d3e1b5226125e2c9984d945af
      size: 3639
    params:
      params.yaml:
        data_ingestion.test_size: 0.2
    outs:
    - path: data/raw
      hash: md5
      md5: 1a287d34dc172d9f950c03dae35f7e73.dir
      size: 484846
      nfiles: 2
  data_preprocessing:
    cmd: python src/data_preprocessing.py
    deps:
    - path: data/raw
      hash: md5
      md5: 1a287d34dc172d9f950c03dae35f7e73.dir
      size: 484846
      nfiles: 2
    - path: src/data_preprocessing.py
      hash: md5
      md5: bd0f1e44a46e020be9cf8f8b1f4fda0c
      size: 4152
    outs:
    - path: data/interim
      hash: md5
      md5: 55e953232782f4e9d4f3c0df04cc160b.dir
      size: 245586
      nfiles: 2
  feature_engineering:
    cmd: python src/feature_engineering.py
    deps:
    - path: data/interim
      hash: md5
      md5: 55e953232782f4e9d4f3c0df04cc160b.dir
      size: 245586
      nfiles: 2
    - path: src/feature_engineering.py
      hash: md5
      md5: f1f087ccce092d9ea321d7f3ed192513
      size: 3920
    params:
      params.yaml:
        feature_engineering.max_features: 500
    outs:
    - path: data/processed
      hash: md5
      md5: 2da0e152bf32ad3e5b4a6b3ac9c50562.dir
      size: 10864079
      nfiles: 2
  model_building:
    cmd: python src/model_building.py
    deps:
    - path: data/processed
      hash: md5
      md5: 2da0e152bf32ad3e5b4a6b3ac9c50562.dir
      size: 10864079
      nfiles: 2
    - path: src/model_building.py
      hash: md5
      md5: 48f3ef9c10c8339f9ca80bc28504e358
      size: 4293
    params:
      params.yaml:
        model_building.n_estimators: 50
        model_building.random_state: 2
    outs:
    - path: models/model.pkl
      hash: md5
      md5: fc6f35ed272bf52243b7fd018719ae7e
      size: 3690057
  model_evaluation:
    cmd: python src/model_evaluation.py
    deps:
    - path: models/model.pkl
      hash: md5
      md5: fc6f35ed272bf52243b7fd018719ae7e
      size: 3690057
    - path: src/model_evaluation.py
      hash: md5
      md5: cf951739403067df1d554a6761aca169
      size: 4706
    outs:
    - path: reports/metrics.json
      hash: md5
      md5: 8f9f8783c4c8e875d52b2282a04168ea
      size: 146
